
Microsoft Visual Studio Solution File, Format Version 12.00
# Visual Studio Version 16
VisualStudioVersion = 16.0.30309.148
MinimumVisualStudioVersion = 10.0.40219.1
Project("{9A19103F-16F7-4668-BE54-9A1E7A4F7556}") = "DFO.Test.API", "DFO.Test.API\DFO.Test.API.csproj", "{EAA61D8B-F03C-4F01-9A54-6502D49D5AC4}"
EndProject
Project("{9A19103F-16F7-4668-BE54-9A1E7A4F7556}") = "DFO.Test.Application", "DFO.Test.Application\DFO.Test.Application.csproj", "{4D7D1815-0B09-4893-898B-8F3F01E73B5D}"
EndProject
Project("{2150E333-8FDC-42A3-9474-1A3956D46DE8}") = "Solution Items", "Solution Items", "{4E7EEEA2-E878-499A-A03F-6C21EA1F02C4}"
	ProjectSection(SolutionItems) = preProject
		.gitignore = .gitignore
		Dockerfile = Dockerfile
	EndProjectSection
EndProject
Global
	GlobalSection(SolutionConfigurationPlatforms) = preSolution
		Debug|Any CPU = Debug|Any CPU
		Release|Any CPU = Release|Any CPU
	EndGlobalSection
	GlobalSection(ProjectConfigurationPlatforms) = postSolution
		{EAA61D8B-F03C-4F01-9A54-6502D49D5AC4}.Debug|Any CPU.ActiveCfg = Debug|Any CPU
		{EAA61D8B-F03C-4F01-9A54-6502D49D5AC4}.Debug|Any CPU.Build.0 = Debug|Any CPU
		{EAA61D8B-F03C-4F01-9A54-6502D49D5AC4}.Release|Any CPU.ActiveCfg = Release|Any CPU
		{EAA61D8B-F03C-4F01-9A54-6502D49D5AC4}.Release|Any CPU.Build.0 = Release|Any CPU
		{4D7D1815-0B09-4893-898B-8F3F01E73B5D}.Debug|Any CPU.ActiveCfg = Debug|Any CPU
		{4D7D1815-0B09-4893-898B-8F3F01E73B5D}.Debug|Any CPU.Build.0 = Debug|Any CPU
		{4D7D1815-0B09-4893-898B-8F3F01E73B5D}.Release|Any CPU.ActiveCfg = Release|Any CPU
		{4D7D1815-0B09-4893-898B-8F3F01E73B5D}.Release|Any CPU.Build.0 = Release|Any CPU
	EndGlobalSection
	GlobalSection(SolutionProperties) = preSolution
		HideSolutionNode = FALSE
	EndGlobalSection
	GlobalSection(ExtensibilityGlobals) = postSolution
		SolutionGuid = {8FC81CE8-22BB-479A-BD5B-6220E4340728}
	EndGlobalSection
EndGlobal
